
Microsoft Visual Studio Solution File, Format Version 12.00
# Visual Studio Version 17
VisualStudioVersion = 17.2.32526.322
MinimumVisualStudioVersion = 10.0.40219.1
Project("{8BC9CEB8-8B4A-11D0-8D11-00A0C91BC942}") = "SnakeSFML", "SnakeSFML.vcxproj", "{98599DDC-1FF4-4438-98AA-7F6A7E2EE953}"
EndProject
Global
	GlobalSection(SolutionConfigurationPlatforms) = preSolution
		Debug|x64 = Debug|x64
		Debug|x86 = Debug|x86
		Release|x64 = Release|x64
		Release|x86 = Release|x86
	EndGlobalSection
	GlobalSection(ProjectConfigurationPlatforms) = postSolution
		{98599DDC-1FF4-4438-98AA-7F6A7E2EE953}.Debug|x64.ActiveCfg = Debug|x64
		{98599DDC-1FF4-4438-98AA-7F6A7E2EE953}.Debug|x64.Build.0 = Debug|x64
		{98599DDC-1FF4-4438-98AA-7F6A7E2EE953}.Debug|x86.ActiveCfg = Debug|Win32
		{98599DDC-1FF4-4438-98AA-7F6A7E2EE953}.Debug|x86.Build.0 = Debug|Win32
		{98599DDC-1FF4-4438-98AA-7F6A7E2EE953}.Release|x64.ActiveCfg = Release|x64
		{98599DDC-1FF4-4438-98AA-7F6A7E2EE953}.Release|x64.Build.0 = Release|x64
		{98599DDC-1FF4-4438-98AA-7F6A7E2EE953}.Release|x86.ActiveCfg = Release|Win32
		{98599DDC-1FF4-4438-98AA-7F6A7E2EE953}.Release|x86.Build.0 = Release|Win32
	EndGlobalSection
	GlobalSection(SolutionProperties) = preSolution
		HideSolutionNode = FALSE
	EndGlobalSection
	GlobalSection(ExtensibilityGlobals) = postSolution
		SolutionGuid = {1E1F47EE-06A7-4E32-BC7D-F8DAB870E5D0}
	EndGlobalSection
EndGlobal
